{
  "name": "wechat-weapp-mobx-todos-npm",
  "version": "1.0.0",
  "lockfileVersion": 1,
  "requires": true,
  "dependencies": {
    "wechat-weapp-mobx": {
      "version": "0.1.8",
      "resolved": "http://registry.npm.taobao.org/wechat-weapp-mobx/download/wechat-weapp-mobx-0.1.8.tgz",
      "integrity": "sha1-pWfNyUGH/yYdi23KGwrUZxOz88Y="
    }
  }
}
